
Microsoft Visual Studio Solution File, Format Version 12.00
# Visual Studio Version 17
VisualStudioVersion = 17.3.32825.248
MinimumVisualStudioVersion = 10.0.40219.1
Project("{9A19103F-16F7-4668-BE54-9A1E7A4F7556}") = "Cashier", "Cashier\Cashier.csproj", "{CCD9A9B5-40AB-4AE5-A7A0-9A181963BE53}"
EndProject
Project("{2150E333-8FDC-42A3-9474-1A3956D46DE8}") = "Domain", "Domain", "{EDAD3B02-C848-4D1B-A640-791867F456D1}"
EndProject
Project("{9A19103F-16F7-4668-BE54-9A1E7A4F7556}") = "Entities", "Entities\Entities.csproj", "{5C9D7A63-8284-48F1-A48C-000A73C68D93}"
EndProject
Project("{2150E333-8FDC-42A3-9474-1A3956D46DE8}") = "Common", "Common", "{02BEA9B0-47E1-4E81-AADA-C728541A64FF}"
EndProject
Project("{2150E333-8FDC-42A3-9474-1A3956D46DE8}") = "Infrastucture", "Infrastucture", "{00D366BB-0D83-4C91-A3D7-5F2F0B54A379}"
EndProject
Project("{9A19103F-16F7-4668-BE54-9A1E7A4F7556}") = "InfrastructureSql", "InfrastructureSql\InfrastructureSql.csproj", "{83868D55-58DA-4BBB-BE8C-51FC87A23A3E}"
EndProject
Project("{2150E333-8FDC-42A3-9474-1A3956D46DE8}") = "Data", "Data", "{30483394-2F61-42B7-A555-5E9D250C9A14}"
EndProject
Project("{9A19103F-16F7-4668-BE54-9A1E7A4F7556}") = "DataAccess", "DataAccess\DataAccess.csproj", "{01451FDC-71A9-4446-BFA8-CA2CBBA8A9D2}"
EndProject
Project("{9A19103F-16F7-4668-BE54-9A1E7A4F7556}") = "InfrastructureMongoDB", "InfrastructureMongoDB\InfrastructureMongoDB.csproj", "{0703D49E-C052-4B43-9D94-DB9AEB311D2F}"
EndProject
Project("{9A19103F-16F7-4668-BE54-9A1E7A4F7556}") = "InfrastructureRedis", "InfrastructureRedis\InfrastructureRedis.csproj", "{91526483-401D-40E2-ADF0-30C84F3B6935}"
EndProject
Project("{2150E333-8FDC-42A3-9474-1A3956D46DE8}") = "UnitTests", "UnitTests", "{C9551FB7-A497-4CCF-9EB1-1374385F491B}"
EndProject
Project("{FAE04EC0-301F-11D3-BF4B-00C04F79EFBC}") = "xUnitTests", "xUnitTests\xUnitTests.csproj", "{CAAF3E04-A2B5-40C9-9FF7-1BD4573414EA}"
EndProject
Global
	GlobalSection(SolutionConfigurationPlatforms) = preSolution
		Debug|Any CPU = Debug|Any CPU
		Release|Any CPU = Release|Any CPU
	EndGlobalSection
	GlobalSection(ProjectConfigurationPlatforms) = postSolution
		{CCD9A9B5-40AB-4AE5-A7A0-9A181963BE53}.Debug|Any CPU.ActiveCfg = Debug|Any CPU
		{CCD9A9B5-40AB-4AE5-A7A0-9A181963BE53}.Debug|Any CPU.Build.0 = Debug|Any CPU
		{CCD9A9B5-40AB-4AE5-A7A0-9A181963BE53}.Release|Any CPU.ActiveCfg = Release|Any CPU
		{CCD9A9B5-40AB-4AE5-A7A0-9A181963BE53}.Release|Any CPU.Build.0 = Release|Any CPU
		{5C9D7A63-8284-48F1-A48C-000A73C68D93}.Debug|Any CPU.ActiveCfg = Debug|Any CPU
		{5C9D7A63-8284-48F1-A48C-000A73C68D93}.Debug|Any CPU.Build.0 = Debug|Any CPU
		{5C9D7A63-8284-48F1-A48C-000A73C68D93}.Release|Any CPU.ActiveCfg = Release|Any CPU
		{5C9D7A63-8284-48F1-A48C-000A73C68D93}.Release|Any CPU.Build.0 = Release|Any CPU
		{83868D55-58DA-4BBB-BE8C-51FC87A23A3E}.Debug|Any CPU.ActiveCfg = Debug|Any CPU
		{83868D55-58DA-4BBB-BE8C-51FC87A23A3E}.Debug|Any CPU.Build.0 = Debug|Any CPU
		{83868D55-58DA-4BBB-BE8C-51FC87A23A3E}.Release|Any CPU.ActiveCfg = Release|Any CPU
		{83868D55-58DA-4BBB-BE8C-51FC87A23A3E}.Release|Any CPU.Build.0 = Release|Any CPU
		{01451FDC-71A9-4446-BFA8-CA2CBBA8A9D2}.Debug|Any CPU.ActiveCfg = Debug|Any CPU
		{01451FDC-71A9-4446-BFA8-CA2CBBA8A9D2}.Debug|Any CPU.Build.0 = Debug|Any CPU
		{01451FDC-71A9-4446-BFA8-CA2CBBA8A9D2}.Release|Any CPU.ActiveCfg = Release|Any CPU
		{01451FDC-71A9-4446-BFA8-CA2CBBA8A9D2}.Release|Any CPU.Build.0 = Release|Any CPU
		{0703D49E-C052-4B43-9D94-DB9AEB311D2F}.Debug|Any CPU.ActiveCfg = Debug|Any CPU
		{0703D49E-C052-4B43-9D94-DB9AEB311D2F}.Debug|Any CPU.Build.0 = Debug|Any CPU
		{0703D49E-C052-4B43-9D94-DB9AEB311D2F}.Release|Any CPU.ActiveCfg = Release|Any CPU
		{0703D49E-C052-4B43-9D94-DB9AEB311D2F}.Release|Any CPU.Build.0 = Release|Any CPU
		{91526483-401D-40E2-ADF0-30C84F3B6935}.Debug|Any CPU.ActiveCfg = Debug|Any CPU
		{91526483-401D-40E2-ADF0-30C84F3B6935}.Debug|Any CPU.Build.0 = Debug|Any CPU
		{91526483-401D-40E2-ADF0-30C84F3B6935}.Release|Any CPU.ActiveCfg = Release|Any CPU
		{91526483-401D-40E2-ADF0-30C84F3B6935}.Release|Any CPU.Build.0 = Release|Any CPU
		{CAAF3E04-A2B5-40C9-9FF7-1BD4573414EA}.Debug|Any CPU.ActiveCfg = Debug|Any CPU
		{CAAF3E04-A2B5-40C9-9FF7-1BD4573414EA}.Debug|Any CPU.Build.0 = Debug|Any CPU
		{CAAF3E04-A2B5-40C9-9FF7-1BD4573414EA}.Release|Any CPU.ActiveCfg = Release|Any CPU
		{CAAF3E04-A2B5-40C9-9FF7-1BD4573414EA}.Release|Any CPU.Build.0 = Release|Any CPU
	EndGlobalSection
	GlobalSection(SolutionProperties) = preSolution
		HideSolutionNode = FALSE
	EndGlobalSection
	GlobalSection(NestedProjects) = preSolution
		{5C9D7A63-8284-48F1-A48C-000A73C68D93} = {EDAD3B02-C848-4D1B-A640-791867F456D1}
		{83868D55-58DA-4BBB-BE8C-51FC87A23A3E} = {00D366BB-0D83-4C91-A3D7-5F2F0B54A379}
		{01451FDC-71A9-4446-BFA8-CA2CBBA8A9D2} = {30483394-2F61-42B7-A555-5E9D250C9A14}
		{0703D49E-C052-4B43-9D94-DB9AEB311D2F} = {00D366BB-0D83-4C91-A3D7-5F2F0B54A379}
		{91526483-401D-40E2-ADF0-30C84F3B6935} = {00D366BB-0D83-4C91-A3D7-5F2F0B54A379}
		{CAAF3E04-A2B5-40C9-9FF7-1BD4573414EA} = {C9551FB7-A497-4CCF-9EB1-1374385F491B}
	EndGlobalSection
	GlobalSection(ExtensibilityGlobals) = postSolution
		SolutionGuid = {EAC8EE15-18DD-4284-8576-16A65C69B529}
	EndGlobalSection
EndGlobal
