
Microsoft Visual Studio Solution File, Format Version 12.00
# Visual Studio Version 17
VisualStudioVersion = 17.3.32825.248
MinimumVisualStudioVersion = 10.0.40219.1
Project("{FAE04EC0-301F-11D3-BF4B-00C04F79EFBC}") = "Cashier", "Cashier\Cashier.csproj", "{CCD9A9B5-40AB-4AE5-A7A0-9A181963BE53}"
EndProject
Project("{2150E333-8FDC-42A3-9474-1A3956D46DE8}") = "Domain", "Domain", "{EDAD3B02-C848-4D1B-A640-791867F456D1}"
EndProject
Project("{FAE04EC0-301F-11D3-BF4B-00C04F79EFBC}") = "Entities", "Entities\Entities.csproj", "{5C9D7A63-8284-48F1-A48C-000A73C68D93}"
EndProject
Global
	GlobalSection(SolutionConfigurationPlatforms) = preSolution
		Debug|Any CPU = Debug|Any CPU
		Release|Any CPU = Release|Any CPU
	EndGlobalSection
	GlobalSection(ProjectConfigurationPlatforms) = postSolution
		{CCD9A9B5-40AB-4AE5-A7A0-9A181963BE53}.Debug|Any CPU.ActiveCfg = Debug|Any CPU
		{CCD9A9B5-40AB-4AE5-A7A0-9A181963BE53}.Debug|Any CPU.Build.0 = Debug|Any CPU
		{CCD9A9B5-40AB-4AE5-A7A0-9A181963BE53}.Release|Any CPU.ActiveCfg = Release|Any CPU
		{CCD9A9B5-40AB-4AE5-A7A0-9A181963BE53}.Release|Any CPU.Build.0 = Release|Any CPU
		{5C9D7A63-8284-48F1-A48C-000A73C68D93}.Debug|Any CPU.ActiveCfg = Debug|Any CPU
		{5C9D7A63-8284-48F1-A48C-000A73C68D93}.Debug|Any CPU.Build.0 = Debug|Any CPU
		{5C9D7A63-8284-48F1-A48C-000A73C68D93}.Release|Any CPU.ActiveCfg = Release|Any CPU
		{5C9D7A63-8284-48F1-A48C-000A73C68D93}.Release|Any CPU.Build.0 = Release|Any CPU
	EndGlobalSection
	GlobalSection(SolutionProperties) = preSolution
		HideSolutionNode = FALSE
	EndGlobalSection
	GlobalSection(NestedProjects) = preSolution
		{5C9D7A63-8284-48F1-A48C-000A73C68D93} = {EDAD3B02-C848-4D1B-A640-791867F456D1}
	EndGlobalSection
	GlobalSection(ExtensibilityGlobals) = postSolution
		SolutionGuid = {EAC8EE15-18DD-4284-8576-16A65C69B529}
	EndGlobalSection
EndGlobal
